<Solution>
  <Folder Name="/src/">
    <Project Path="src/Spectra.CLI/Spectra.CLI.csproj" />
    <Project Path="src/Spectra.Core/Spectra.Core.csproj" />
  </Folder>
  <Folder Name="/tests/">
    <Project Path="tests/Spectra.CLI.Tests/Spectra.CLI.Tests.csproj" />
    <Project Path="tests/Spectra.Core.Tests/Spectra.Core.Tests.csproj" />
  </Folder>
</Solution>
